
Microsoft Visual Studio Solution File, Format Version 12.00
# Visual Studio Version 17
VisualStudioVersion = 17.8.34511.84
MinimumVisualStudioVersion = 10.0.40219.1
Project("{FAE04EC0-301F-11D3-BF4B-00C04F79EFBC}") = "EventAggregatorDoor", "EventAggregatorDoor.csproj", "{0E2E42A0-478F-4759-A507-338AA2F5E30E}"
EndProject
Global
	GlobalSection(SolutionConfigurationPlatforms) = preSolution
		Debug|Any CPU = Debug|Any CPU
		Release|Any CPU = Release|Any CPU
	EndGlobalSection
	GlobalSection(ProjectConfigurationPlatforms) = postSolution
		{0E2E42A0-478F-4759-A507-338AA2F5E30E}.Debug|Any CPU.ActiveCfg = Debug|Any CPU
		{0E2E42A0-478F-4759-A507-338AA2F5E30E}.Debug|Any CPU.Build.0 = Debug|Any CPU
		{0E2E42A0-478F-4759-A507-338AA2F5E30E}.Release|Any CPU.ActiveCfg = Release|Any CPU
		{0E2E42A0-478F-4759-A507-338AA2F5E30E}.Release|Any CPU.Build.0 = Release|Any CPU
	EndGlobalSection
	GlobalSection(SolutionProperties) = preSolution
		HideSolutionNode = FALSE
	EndGlobalSection
	GlobalSection(ExtensibilityGlobals) = postSolution
		SolutionGuid = {81041A30-3EA2-49E2-9ABE-8BEFFE8874F0}
	EndGlobalSection
EndGlobal
